
Microsoft Visual Studio Solution File, Format Version 12.00
# Visual Studio Version 17
VisualStudioVersion = 17.9.34728.123
MinimumVisualStudioVersion = 10.0.40219.1
Project("{FAE04EC0-301F-11D3-BF4B-00C04F79EFBC}") = "practika1", "practika1\practika1.csproj", "{6C452D35-FCE4-439E-987F-E22A2D0A3074}"
EndProject
Global
	GlobalSection(SolutionConfigurationPlatforms) = preSolution
		Debug|Any CPU = Debug|Any CPU
		Release|Any CPU = Release|Any CPU
	EndGlobalSection
	GlobalSection(ProjectConfigurationPlatforms) = postSolution
		{6C452D35-FCE4-439E-987F-E22A2D0A3074}.Debug|Any CPU.ActiveCfg = Debug|Any CPU
		{6C452D35-FCE4-439E-987F-E22A2D0A3074}.Debug|Any CPU.Build.0 = Debug|Any CPU
		{6C452D35-FCE4-439E-987F-E22A2D0A3074}.Release|Any CPU.ActiveCfg = Release|Any CPU
		{6C452D35-FCE4-439E-987F-E22A2D0A3074}.Release|Any CPU.Build.0 = Release|Any CPU
	EndGlobalSection
	GlobalSection(SolutionProperties) = preSolution
		HideSolutionNode = FALSE
	EndGlobalSection
	GlobalSection(ExtensibilityGlobals) = postSolution
		SolutionGuid = {8198BFF0-7427-473F-871D-3AFC462DB37F}
	EndGlobalSection
EndGlobal
